
Microsoft Visual Studio Solution File, Format Version 11.00
# Visual Studio 2010
Project("{FAE04EC0-301F-11D3-BF4B-00C04F79EFBC}") = "Maritime_Sole", "Assembly-CSharp.csproj", "{FBECE8D5-0DFB-C3A5-02BE-D8C048F9BA5C}"
EndProject
Global
	GlobalSection(SolutionConfigurationPlatforms) = preSolution
		Debug|Any CPU = Debug|Any CPU
		Release|Any CPU = Release|Any CPU
	EndGlobalSection
	GlobalSection(ProjectConfigurationPlatforms) = postSolution
		{FBECE8D5-0DFB-C3A5-02BE-D8C048F9BA5C}.Debug|Any CPU.ActiveCfg = Debug|Any CPU
		{FBECE8D5-0DFB-C3A5-02BE-D8C048F9BA5C}.Debug|Any CPU.Build.0 = Debug|Any CPU
		{FBECE8D5-0DFB-C3A5-02BE-D8C048F9BA5C}.Release|Any CPU.ActiveCfg = Release|Any CPU
		{FBECE8D5-0DFB-C3A5-02BE-D8C048F9BA5C}.Release|Any CPU.Build.0 = Release|Any CPU
	EndGlobalSection
	GlobalSection(SolutionProperties) = preSolution
		HideSolutionNode = FALSE
	EndGlobalSection
	GlobalSection(MonoDevelopProperties) = preSolution
		StartupItem = Assembly-CSharp.csproj
	EndGlobalSection
EndGlobal
